// !$*UTF8*$!
{
	archiveVersion = 1;
	classes = {
	};
	objectVersion = 52;
	objects = {

/* Begin PBXBuildFile section */
		078CEF7726EE724800AD5148 /* MovieDetailViewController.swift in Sources */ = {isa = PBXBuildFile; fileRef = 078CEF7626EE724800AD5148 /* MovieDetailViewController.swift */; };
		0799EF0026DFB56300DD994B /* AppDelegate.swift in Sources */ = {isa = PBXBuildFile; fileRef = 0799EEFF26DFB56300DD994B /* AppDelegate.swift */; };
		0799EF0226DFB56300DD994B /* SceneDelegate.swift in Sources */ = {isa = PBXBuildFile; fileRef = 0799EF0126DFB56300DD994B /* SceneDelegate.swift */; };
		0799EF0426DFB56300DD994B /* MoviesViewController.swift in Sources */ = {isa = PBXBuildFile; fileRef = 0799EF0326DFB56300DD994B /* MoviesViewController.swift */; };
		0799EF0926DFB56600DD994B /* Assets.xcassets in Resources */ = {isa = PBXBuildFile; fileRef = 0799EF0826DFB56600DD994B /* Assets.xcassets */; };
		0799EF0C26DFB56600DD994B /* LaunchScreen.storyboard in Resources */ = {isa = PBXBuildFile; fileRef = 0799EF0A26DFB56600DD994B /* LaunchScreen.storyboard */; };
		07AA09F926E6744800D38209 /* MovieCell.swift in Sources */ = {isa = PBXBuildFile; fileRef = 07AA09F826E6744800D38209 /* MovieCell.swift */; };
		07AA09FC26E69B5F00D38209 /* AlamofireImage in Frameworks */ = {isa = PBXBuildFile; productRef = 07AA09FB26E69B5F00D38209 /* AlamofireImage */; };
		772BD259404BDA2374289CC8 /* Pods_CodePath_Flix.framework in Frameworks */ = {isa = PBXBuildFile; fileRef = 3E43FCF5271ED0F6B8FBD2ED /* Pods_CodePath_Flix.framework */; };
/* End PBXBuildFile section */

/* Begin PBXFileReference section */
		078CEF7626EE724800AD5148 /* MovieDetailViewController.swift */ = {isa = PBXFileReference; lastKnownFileType = sourcecode.swift; path = MovieDetailViewController.swift; sourceTree = "<group>"; };
		0799EEFC26DFB56300DD994B /* CodePath-Flix.app */ = {isa = PBXFileReference; explicitFileType = wrapper.application; includeInIndex = 0; path = "CodePath-Flix.app"; sourceTree = BUILT_PRODUCTS_DIR; };
		0799EEFF26DFB56300DD994B /* AppDelegate.swift */ = {isa = PBXFileReference; lastKnownFileType = sourcecode.swift; path = AppDelegate.swift; sourceTree = "<group>"; };
		0799EF0126DFB56300DD994B /* SceneDelegate.swift */ = {isa = PBXFileReference; lastKnownFileType = sourcecode.swift; path = SceneDelegate.swift; sourceTree = "<group>"; };
		0799EF0326DFB56300DD994B /* MoviesViewController.swift */ = {isa = PBXFileReference; lastKnownFileType = sourcecode.swift; path = MoviesViewController.swift; sourceTree = "<group>"; };
		0799EF0826DFB56600DD994B /* Assets.xcassets */ = {isa = PBXFileReference; lastKnownFileType = folder.assetcatalog; path = Assets.xcassets; sourceTree = "<group>"; };
		0799EF0B26DFB56600DD994B /* Base */ = {isa = PBXFileReference; lastKnownFileType = file.storyboard; name = Base; path = Base.lproj/LaunchScreen.storyboard; sourceTree = "<group>"; };
		0799EF0D26DFB56600DD994B /* Info.plist */ = {isa = PBXFileReference; lastKnownFileType = text.plist.xml; path = Info.plist; sourceTree = "<group>"; };
		07AA09F826E6744800D38209 /* MovieCell.swift */ = {isa = PBXFileReference; lastKnownFileType = sourcecode.swift; path = MovieCell.swift; sourceTree = "<group>"; };
		3E43FCF5271ED0F6B8FBD2ED /* Pods_CodePath_Flix.framework */ = {isa = PBXFileReference; explicitFileType = wrapper.framework; includeInIndex = 0; path = Pods_CodePath_Flix.framework; sourceTree = BUILT_PRODUCTS_DIR; };
		8C1301CB11AF58E3E4395B7B /* Pods-CodePath-Flix.release.xcconfig */ = {isa = PBXFileReference; includeInIndex = 1; lastKnownFileType = text.xcconfig; name = "Pods-CodePath-Flix.release.xcconfig"; path = "Target Support Files/Pods-CodePath-Flix/Pods-CodePath-Flix.release.xcconfig"; sourceTree = "<group>"; };
		E5FE5F53F69B0649D248F2D9 /* Pods-CodePath-Flix.debug.xcconfig */ = {isa = PBXFileReference; includeInIndex = 1; lastKnownFileType = text.xcconfig; name = "Pods-CodePath-Flix.debug.xcconfig"; path = "Target Support Files/Pods-CodePath-Flix/Pods-CodePath-Flix.debug.xcconfig"; sourceTree = "<group>"; };
/* End PBXFileReference section */

/* Begin PBXFrameworksBuildPhase section */
		0799EEF926DFB56300DD994B /* Frameworks */ = {
			isa = PBXFrameworksBuildPhase;
			buildActionMask = 2147483647;
			files = (
				07AA09FC26E69B5F00D38209 /* AlamofireImage in Frameworks */,
				772BD259404BDA2374289CC8 /* Pods_CodePath_Flix.framework in Frameworks */,
			);
			runOnlyForDeploymentPostprocessing = 0;
		};
/* End PBXFrameworksBuildPhase section */

/* Begin PBXGroup section */
		078CEF7326EE71F100AD5148 /* ViewControllers */ = {
			isa = PBXGroup;
			children = (
				0799EF0326DFB56300DD994B /* MoviesViewController.swift */,
				078CEF7626EE724800AD5148 /* MovieDetailViewController.swift */,
			);
			path = ViewControllers;
			sourceTree = "<group>";
		};
		078CEF7426EE721A00AD5148 /* Cells */ = {
			isa = PBXGroup;
			children = (
				07AA09F826E6744800D38209 /* MovieCell.swift */,
			);
			path = Cells;
			sourceTree = "<group>";
		};
		0799EEF326DFB56300DD994B = {
			isa = PBXGroup;
			children = (
				0799EEFE26DFB56300DD994B /* CodePath-Flix */,
				0799EEFD26DFB56300DD994B /* Products */,
				1383F2537B2EC4348AE0C7E1 /* Pods */,
				3210386E2FFFC5F3FCEADBBC /* Frameworks */,
			);
			sourceTree = "<group>";
		};
		0799EEFD26DFB56300DD994B /* Products */ = {
			isa = PBXGroup;
			children = (
				0799EEFC26DFB56300DD994B /* CodePath-Flix.app */,
			);
			name = Products;
			sourceTree = "<group>";
		};
		0799EEFE26DFB56300DD994B /* CodePath-Flix */ = {
			isa = PBXGroup;
			children = (
				078CEF7426EE721A00AD5148 /* Cells */,
				078CEF7326EE71F100AD5148 /* ViewControllers */,
				0799EEFF26DFB56300DD994B /* AppDelegate.swift */,
				0799EF0126DFB56300DD994B /* SceneDelegate.swift */,
				0799EF0826DFB56600DD994B /* Assets.xcassets */,
				0799EF0A26DFB56600DD994B /* LaunchScreen.storyboard */,
				0799EF0D26DFB56600DD994B /* Info.plist */,
			);
			path = "CodePath-Flix";
			sourceTree = "<group>";
		};
		1383F2537B2EC4348AE0C7E1 /* Pods */ = {
			isa = PBXGroup;
			children = (
				E5FE5F53F69B0649D248F2D9 /* Pods-CodePath-Flix.debug.xcconfig */,
				8C1301CB11AF58E3E4395B7B /* Pods-CodePath-Flix.release.xcconfig */,
			);
			path = Pods;
			sourceTree = "<group>";
		};
		3210386E2FFFC5F3FCEADBBC /* Frameworks */ = {
			isa = PBXGroup;
			children = (
				3E43FCF5271ED0F6B8FBD2ED /* Pods_CodePath_Flix.framework */,
			);
			name = Frameworks;
			sourceTree = "<group>";
		};
/* End PBXGroup section */

/* Begin PBXNativeTarget section */
		0799EEFB26DFB56300DD994B /* CodePath-Flix */ = {
			isa = PBXNativeTarget;
			buildConfigurationList = 0799EF1026DFB56600DD994B /* Build configuration list for PBXNativeTarget "CodePath-Flix" */;
			buildPhases = (
				2B502C5C5E7CA5B19387D0C5 /* [CP] Check Pods Manifest.lock */,
				0799EEF826DFB56300DD994B /* Sources */,
				0799EEF926DFB56300DD994B /* Frameworks */,
				0799EEFA26DFB56300DD994B /* Resources */,
				D6FD8D06BE57032F5AC59BA6 /* [CP] Embed Pods Frameworks */,
			);
			buildRules = (
			);
			dependencies = (
			);
			name = "CodePath-Flix";
			packageProductDependencies = (
				07AA09FB26E69B5F00D38209 /* AlamofireImage */,
			);
			productName = "CodePath-Flix";
			productReference = 0799EEFC26DFB56300DD994B /* CodePath-Flix.app */;
			productType = "com.apple.product-type.application";
		};
/* End PBXNativeTarget section */

/* Begin PBXProject section */
		0799EEF426DFB56300DD994B /* Project object */ = {
			isa = PBXProject;
			attributes = {
				LastSwiftUpdateCheck = 1250;
				LastUpgradeCheck = 1250;
				TargetAttributes = {
					0799EEFB26DFB56300DD994B = {
						CreatedOnToolsVersion = 12.5;
					};
				};
			};
			buildConfigurationList = 0799EEF726DFB56300DD994B /* Build configuration list for PBXProject "CodePath-Flix" */;
			compatibilityVersion = "Xcode 9.3";
			developmentRegion = en;
			hasScannedForEncodings = 0;
			knownRegions = (
				en,
				Base,
			);
			mainGroup = 0799EEF326DFB56300DD994B;
			packageReferences = (
				07AA09FA26E69B5F00D38209 /* XCRemoteSwiftPackageReference "AlamofireImage" */,
			);
			productRefGroup = 0799EEFD26DFB56300DD994B /* Products */;
			projectDirPath = "";
			projectRoot = "";
			targets = (
				0799EEFB26DFB56300DD994B /* CodePath-Flix */,
			);
		};
/* End PBXProject section */

/* Begin PBXResourcesBuildPhase section */
		0799EEFA26DFB56300DD994B /* Resources */ = {
			isa = PBXResourcesBuildPhase;
			buildActionMask = 2147483647;
			files = (
				0799EF0C26DFB56600DD994B /* LaunchScreen.storyboard in Resources */,
				0799EF0926DFB56600DD994B /* Assets.xcassets in Resources */,
			);
			runOnlyForDeploymentPostprocessing = 0;
		};
/* End PBXResourcesBuildPhase section */

/* Begin PBXShellScriptBuildPhase section */
		2B502C5C5E7CA5B19387D0C5 /* [CP] Check Pods Manifest.lock */ = {
			isa = PBXShellScriptBuildPhase;
			buildActionMask = 2147483647;
			files = (
			);
			inputFileListPaths = (
			);
			inputPaths = (
				"${PODS_PODFILE_DIR_PATH}/Podfile.lock",
				"${PODS_ROOT}/Manifest.lock",
			);
			name = "[CP] Check Pods Manifest.lock";
			outputFileListPaths = (
			);
			outputPaths = (
				"$(DERIVED_FILE_DIR)/Pods-CodePath-Flix-checkManifestLockResult.txt",
			);
			runOnlyForDeploymentPostprocessing = 0;
			shellPath = /bin/sh;
			shellScript = "diff \"${PODS_PODFILE_DIR_PATH}/Podfile.lock\" \"${PODS_ROOT}/Manifest.lock\" > /dev/null\nif [ $? != 0 ] ; then\n    # print error to STDERR\n    echo \"error: The sandbox is not in sync with the Podfile.lock. Run 'pod install' or update your CocoaPods installation.\" >&2\n    exit 1\nfi\n# This output is used by Xcode 'outputs' to avoid re-running this script phase.\necho \"SUCCESS\" > \"${SCRIPT_OUTPUT_FILE_0}\"\n";
			showEnvVarsInLog = 0;
		};
		D6FD8D06BE57032F5AC59BA6 /* [CP] Embed Pods Frameworks */ = {
			isa = PBXShellScriptBuildPhase;
			buildActionMask = 2147483647;
			files = (
			);
			inputFileListPaths = (
				"${PODS_ROOT}/Target Support Files/Pods-CodePath-Flix/Pods-CodePath-Flix-frameworks-${CONFIGURATION}-input-files.xcfilelist",
			);
			name = "[CP] Embed Pods Frameworks";
			outputFileListPaths = (
				"${PODS_ROOT}/Target Support Files/Pods-CodePath-Flix/Pods-CodePath-Flix-frameworks-${CONFIGURATION}-output-files.xcfilelist",
			);
			runOnlyForDeploymentPostprocessing = 0;
			shellPath = /bin/sh;
			shellScript = "\"${PODS_ROOT}/Target Support Files/Pods-CodePath-Flix/Pods-CodePath-Flix-frameworks.sh\"\n";
			showEnvVarsInLog = 0;
		};
/* End PBXShellScriptBuildPhase section */

/* Begin PBXSourcesBuildPhase section */
		0799EEF826DFB56300DD994B /* Sources */ = {
			isa = PBXSourcesBuildPhase;
			buildActionMask = 2147483647;
			files = (
				0799EF0426DFB56300DD994B /* MoviesViewController.swift in Sources */,
				078CEF7726EE724800AD5148 /* MovieDetailViewController.swift in Sources */,
				0799EF0026DFB56300DD994B /* AppDelegate.swift in Sources */,
				07AA09F926E6744800D38209 /* MovieCell.swift in Sources */,
				0799EF0226DFB56300DD994B /* SceneDelegate.swift in Sources */,
			);
			runOnlyForDeploymentPostprocessing = 0;
		};
/* End PBXSourcesBuildPhase section */

/* Begin PBXVariantGroup section */
		0799EF0A26DFB56600DD994B /* LaunchScreen.storyboard */ = {
			isa = PBXVariantGroup;
			children = (
				0799EF0B26DFB56600DD994B /* Base */,
			);
			name = LaunchScreen.storyboard;
			sourceTree = "<group>";
		};
/* End PBXVariantGroup section */

/* Begin XCBuildConfiguration section */
		0799EF0E26DFB56600DD994B /* Debug */ = {
			isa = XCBuildConfiguration;
			buildSettings = {
				ALWAYS_SEARCH_USER_PATHS = NO;
				CLANG_ANALYZER_NONNULL = YES;
				CLANG_ANALYZER_NUMBER_OBJECT_CONVERSION = YES_AGGRESSIVE;
				CLANG_CXX_LANGUAGE_STANDARD = "gnu++14";
				CLANG_CXX_LIBRARY = "libc++";
				CLANG_ENABLE_MODULES = YES;
				CLANG_ENABLE_OBJC_ARC = YES;
				CLANG_ENABLE_OBJC_WEAK = YES;
				CLANG_WARN_BLOCK_CAPTURE_AUTORELEASING = YES;
				CLANG_WARN_BOOL_CONVERSION = YES;
				CLANG_WARN_COMMA = YES;
				CLANG_WARN_CONSTANT_CONVERSION = YES;
				CLANG_WARN_DEPRECATED_OBJC_IMPLEMENTATIONS = YES;
				CLANG_WARN_DIRECT_OBJC_ISA_USAGE = YES_ERROR;
				CLANG_WARN_DOCUMENTATION_COMMENTS = YES;
				CLANG_WARN_EMPTY_BODY = YES;
				CLANG_WARN_ENUM_CONVERSION = YES;
				CLANG_WARN_INFINITE_RECURSION = YES;
				CLANG_WARN_INT_CONVERSION = YES;
				CLANG_WARN_NON_LITERAL_NULL_CONVERSION = YES;
				CLANG_WARN_OBJC_IMPLICIT_RETAIN_SELF = YES;
				CLANG_WARN_OBJC_LITERAL_CONVERSION = YES;
				CLANG_WARN_OBJC_ROOT_CLASS = YES_ERROR;
				CLANG_WARN_QUOTED_INCLUDE_IN_FRAMEWORK_HEADER = YES;
				CLANG_WARN_RANGE_LOOP_ANALYSIS = YES;
				CLANG_WARN_STRICT_PROTOTYPES = YES;
				CLANG_WARN_SUSPICIOUS_MOVE = YES;
				CLANG_WARN_UNGUARDED_AVAILABILITY = YES_AGGRESSIVE;
				CLANG_WARN_UNREACHABLE_CODE = YES;
				CLANG_WARN__DUPLICATE_METHOD_MATCH = YES;
				COPY_PHASE_STRIP = NO;
				DEBUG_INFORMATION_FORMAT = dwarf;
				ENABLE_STRICT_OBJC_MSGSEND = YES;
				ENABLE_TESTABILITY = YES;
				GCC_C_LANGUAGE_STANDARD = gnu11;
				GCC_DYNAMIC_NO_PIC = NO;
				GCC_NO_COMMON_BLOCKS = YES;
				GCC_OPTIMIZATION_LEVEL = 0;
				GCC_PREPROCESSOR_DEFINITIONS = (
					"DEBUG=1",
					"$(inherited)",
				);
				GCC_WARN_64_TO_32_BIT_CONVERSION = YES;
				GCC_WARN_ABOUT_RETURN_TYPE = YES_ERROR;
				GCC_WARN_UNDECLARED_SELECTOR = YES;
				GCC_WARN_UNINITIALIZED_AUTOS = YES_AGGRESSIVE;
				GCC_WARN_UNUSED_FUNCTION = YES;
				GCC_WARN_UNUSED_VARIABLE = YES;
				IPHONEOS_DEPLOYMENT_TARGET = 14.5;
				MTL_ENABLE_DEBUG_INFO = INCLUDE_SOURCE;
				MTL_FAST_MATH = YES;
				ONLY_ACTIVE_ARCH = YES;
				SDKROOT = iphoneos;
				SWIFT_ACTIVE_COMPILATION_CONDITIONS = DEBUG;
				SWIFT_OPTIMIZATION_LEVEL = "-Onone";
			};
			name = Debug;
		};
		0799EF0F26DFB56600DD994B /* Release */ = {
			isa = XCBuildConfiguration;
			buildSettings = {
				ALWAYS_SEARCH_USER_PATHS = NO;
				CLANG_ANALYZER_NONNULL = YES;
				CLANG_ANALYZER_NUMBER_OBJECT_CONVERSION = YES_AGGRESSIVE;
				CLANG_CXX_LANGUAGE_STANDARD = "gnu++14";
				CLANG_CXX_LIBRARY = "libc++";
				CLANG_ENABLE_MODULES = YES;
				CLANG_ENABLE_OBJC_ARC = YES;
				CLANG_ENABLE_OBJC_WEAK = YES;
				CLANG_WARN_BLOCK_CAPTURE_AUTORELEASING = YES;
				CLANG_WARN_BOOL_CONVERSION = YES;
				CLANG_WARN_COMMA = YES;
				CLANG_WARN_CONSTANT_CONVERSION = YES;
				CLANG_WARN_DEPRECATED_OBJC_IMPLEMENTATIONS = YES;
				CLANG_WARN_DIRECT_OBJC_ISA_USAGE = YES_ERROR;
				CLANG_WARN_DOCUMENTATION_COMMENTS = YES;
				CLANG_WARN_EMPTY_BODY = YES;
				CLANG_WARN_ENUM_CONVERSION = YES;
				CLANG_WARN_INFINITE_RECURSION = YES;
				CLANG_WARN_INT_CONVERSION = YES;
				CLANG_WARN_NON_LITERAL_NULL_CONVERSION = YES;
				CLANG_WARN_OBJC_IMPLICIT_RETAIN_SELF = YES;
				CLANG_WARN_OBJC_LITERAL_CONVERSION = YES;
				CLANG_WARN_OBJC_ROOT_CLASS = YES_ERROR;
				CLANG_WARN_QUOTED_INCLUDE_IN_FRAMEWORK_HEADER = YES;
				CLANG_WARN_RANGE_LOOP_ANALYSIS = YES;
				CLANG_WARN_STRICT_PROTOTYPES = YES;
				CLANG_WARN_SUSPICIOUS_MOVE = YES;
				CLANG_WARN_UNGUARDED_AVAILABILITY = YES_AGGRESSIVE;
				CLANG_WARN_UNREACHABLE_CODE = YES;
				CLANG_WARN__DUPLICATE_METHOD_MATCH = YES;
				COPY_PHASE_STRIP = NO;
				DEBUG_INFORMATION_FORMAT = "dwarf-with-dsym";
				ENABLE_NS_ASSERTIONS = NO;
				ENABLE_STRICT_OBJC_MSGSEND = YES;
				GCC_C_LANGUAGE_STANDARD = gnu11;
				GCC_NO_COMMON_BLOCKS = YES;
				GCC_WARN_64_TO_32_BIT_CONVERSION = YES;
				GCC_WARN_ABOUT_RETURN_TYPE = YES_ERROR;
				GCC_WARN_UNDECLARED_SELECTOR = YES;
				GCC_WARN_UNINITIALIZED_AUTOS = YES_AGGRESSIVE;
				GCC_WARN_UNUSED_FUNCTION = YES;
				GCC_WARN_UNUSED_VARIABLE = YES;
				IPHONEOS_DEPLOYMENT_TARGET = 14.5;
				MTL_ENABLE_DEBUG_INFO = NO;
				MTL_FAST_MATH = YES;
				SDKROOT = iphoneos;
				SWIFT_COMPILATION_MODE = wholemodule;
				SWIFT_OPTIMIZATION_LEVEL = "-O";
				VALIDATE_PRODUCT = YES;
			};
			name = Release;
		};
		0799EF1126DFB56600DD994B /* Debug */ = {
			isa = XCBuildConfiguration;
			baseConfigurationReference = E5FE5F53F69B0649D248F2D9 /* Pods-CodePath-Flix.debug.xcconfig */;
			buildSettings = {
				ASSETCATALOG_COMPILER_APPICON_NAME = AppIcon;
				ASSETCATALOG_COMPILER_GLOBAL_ACCENT_COLOR_NAME = AccentColor;
				CODE_SIGN_STYLE = Automatic;
				DEVELOPMENT_TEAM = 2LG7N2H9LJ;
				INFOPLIST_FILE = "CodePath-Flix/Info.plist";
				LD_RUNPATH_SEARCH_PATHS = (
					"$(inherited)",
					"@executable_path/Frameworks",
				);
				PRODUCT_BUNDLE_IDENTIFIER = "com.denielle-abaquita.CodePath-Flix";
				PRODUCT_NAME = "$(TARGET_NAME)";
				SWIFT_VERSION = 5.0;
				TARGETED_DEVICE_FAMILY = "1,2";
			};
			name = Debug;
		};
		0799EF1226DFB56600DD994B /* Release */ = {
			isa = XCBuildConfiguration;
			baseConfigurationReference = 8C1301CB11AF58E3E4395B7B /* Pods-CodePath-Flix.release.xcconfig */;
			buildSettings = {
				ASSETCATALOG_COMPILER_APPICON_NAME = AppIcon;
				ASSETCATALOG_COMPILER_GLOBAL_ACCENT_COLOR_NAME = AccentColor;
				CODE_SIGN_STYLE = Automatic;
				DEVELOPMENT_TEAM = 2LG7N2H9LJ;
				INFOPLIST_FILE = "CodePath-Flix/Info.plist";
				LD_RUNPATH_SEARCH_PATHS = (
					"$(inherited)",
					"@executable_path/Frameworks",
				);
				PRODUCT_BUNDLE_IDENTIFIER = "com.denielle-abaquita.CodePath-Flix";
				PRODUCT_NAME = "$(TARGET_NAME)";
				SWIFT_VERSION = 5.0;
				TARGETED_DEVICE_FAMILY = "1,2";
			};
			name = Release;
		};
/* End XCBuildConfiguration section */

/* Begin XCConfigurationList section */
		0799EEF726DFB56300DD994B /* Build configuration list for PBXProject "CodePath-Flix" */ = {
			isa = XCConfigurationList;
			buildConfigurations = (
				0799EF0E26DFB56600DD994B /* Debug */,
				0799EF0F26DFB56600DD994B /* Release */,
			);
			defaultConfigurationIsVisible = 0;
			defaultConfigurationName = Release;
		};
		0799EF1026DFB56600DD994B /* Build configuration list for PBXNativeTarget "CodePath-Flix" */ = {
			isa = XCConfigurationList;
			buildConfigurations = (
				0799EF1126DFB56600DD994B /* Debug */,
				0799EF1226DFB56600DD994B /* Release */,
			);
			defaultConfigurationIsVisible = 0;
			defaultConfigurationName = Release;
		};
/* End XCConfigurationList section */

/* Begin XCRemoteSwiftPackageReference section */
		07AA09FA26E69B5F00D38209 /* XCRemoteSwiftPackageReference "AlamofireImage" */ = {
			isa = XCRemoteSwiftPackageReference;
			repositoryURL = "https://github.com/Alamofire/AlamofireImage.git";
			requirement = {
				kind = upToNextMajorVersion;
				minimumVersion = 4.2.0;
			};
		};
/* End XCRemoteSwiftPackageReference section */

/* Begin XCSwiftPackageProductDependency section */
		07AA09FB26E69B5F00D38209 /* AlamofireImage */ = {
			isa = XCSwiftPackageProductDependency;
			package = 07AA09FA26E69B5F00D38209 /* XCRemoteSwiftPackageReference "AlamofireImage" */;
			productName = AlamofireImage;
		};
/* End XCSwiftPackageProductDependency section */
	};
	rootObject = 0799EEF426DFB56300DD994B /* Project object */;
}
